
Microsoft Visual Studio Solution File, Format Version 12.00
# Visual Studio 15
VisualStudioVersion = 15.0.26403.7
MinimumVisualStudioVersion = 10.0.40219.1
Project("{8BC9CEB8-8B4A-11D0-8D11-00A0C91BC942}") = "MyTestCpp", "MyTestCpp\MyTestCpp.vcxproj", "{5389B8F7-043F-400F-8A03-AAD7C354EEEB}"
EndProject
Project("{8BC9CEB8-8B4A-11D0-8D11-00A0C91BC942}") = "SecondTestCpp", "SecondTestCpp\SecondTestCpp.vcxproj", "{06FC846C-4B21-47E5-A619-70418D8A1AA2}"
EndProject
Global
	GlobalSection(SolutionConfigurationPlatforms) = preSolution
		Debug|x64 = Debug|x64
		Debug|x86 = Debug|x86
		Release|x64 = Release|x64
		Release|x86 = Release|x86
	EndGlobalSection
	GlobalSection(ProjectConfigurationPlatforms) = postSolution
		{5389B8F7-043F-400F-8A03-AAD7C354EEEB}.Debug|x64.ActiveCfg = Debug|x64
		{5389B8F7-043F-400F-8A03-AAD7C354EEEB}.Debug|x64.Build.0 = Debug|x64
		{5389B8F7-043F-400F-8A03-AAD7C354EEEB}.Debug|x86.ActiveCfg = Debug|Win32
		{5389B8F7-043F-400F-8A03-AAD7C354EEEB}.Debug|x86.Build.0 = Debug|Win32
		{5389B8F7-043F-400F-8A03-AAD7C354EEEB}.Release|x64.ActiveCfg = Release|x64
		{5389B8F7-043F-400F-8A03-AAD7C354EEEB}.Release|x64.Build.0 = Release|x64
		{5389B8F7-043F-400F-8A03-AAD7C354EEEB}.Release|x86.ActiveCfg = Release|Win32
		{5389B8F7-043F-400F-8A03-AAD7C354EEEB}.Release|x86.Build.0 = Release|Win32
		{06FC846C-4B21-47E5-A619-70418D8A1AA2}.Debug|x64.ActiveCfg = Debug|x64
		{06FC846C-4B21-47E5-A619-70418D8A1AA2}.Debug|x64.Build.0 = Debug|x64
		{06FC846C-4B21-47E5-A619-70418D8A1AA2}.Debug|x86.ActiveCfg = Debug|Win32
		{06FC846C-4B21-47E5-A619-70418D8A1AA2}.Debug|x86.Build.0 = Debug|Win32
		{06FC846C-4B21-47E5-A619-70418D8A1AA2}.Release|x64.ActiveCfg = Release|x64
		{06FC846C-4B21-47E5-A619-70418D8A1AA2}.Release|x64.Build.0 = Release|x64
		{06FC846C-4B21-47E5-A619-70418D8A1AA2}.Release|x86.ActiveCfg = Release|Win32
		{06FC846C-4B21-47E5-A619-70418D8A1AA2}.Release|x86.Build.0 = Release|Win32
	EndGlobalSection
	GlobalSection(SolutionProperties) = preSolution
		HideSolutionNode = FALSE
	EndGlobalSection
EndGlobal
